// !$*UTF8*$!
{
	archiveVersion = 1;
	classes = {
	};
	objectVersion = 46;
	objects = {

/* Begin PBXBuildFile section */
		BE2B994818F6DDA300A4428D /* MUMManagedSoftwareUpdate.m in Sources */ = {isa = PBXBuildFile; fileRef = BE2B994718F6DDA300A4428D /* MUMManagedSoftwareUpdate.m */; };
		BE2B996918F6E5D600A4428D /* MUMManagedSoftwareUpdate.m in Sources */ = {isa = PBXBuildFile; fileRef = BE2B994718F6DDA300A4428D /* MUMManagedSoftwareUpdate.m */; };
		BE2B996D18F7297B00A4428D /* NSArray+firstObject.m in Sources */ = {isa = PBXBuildFile; fileRef = BE2B996C18F7297B00A4428D /* NSArray+firstObject.m */; };
		BE2B996E18F7297B00A4428D /* NSArray+firstObject.m in Sources */ = {isa = PBXBuildFile; fileRef = BE2B996C18F7297B00A4428D /* NSArray+firstObject.m */; };
		BE2C07321847A88B00DF867A /* MUMHelper.m in Sources */ = {isa = PBXBuildFile; fileRef = BE96705F1847896B006B3A92 /* MUMHelper.m */; };
		BE2C07391847CF8800DF867A /* Security.framework in Frameworks */ = {isa = PBXBuildFile; fileRef = BE2C07381847CF8800DF867A /* Security.framework */; };
		BE56DDCE1850E31D00FCF55F /* MUMAuthorizer.m in Sources */ = {isa = PBXBuildFile; fileRef = BE56DDCD1850E31D00FCF55F /* MUMAuthorizer.m */; };
		BE56DDCF1850E31D00FCF55F /* MUMAuthorizer.m in Sources */ = {isa = PBXBuildFile; fileRef = BE56DDCD1850E31D00FCF55F /* MUMAuthorizer.m */; };
		BE56DDD01850EAC400FCF55F /* Security.framework in Frameworks */ = {isa = PBXBuildFile; fileRef = BE2C07381847CF8800DF867A /* Security.framework */; };
		BE5D44B318F3983400450160 /* libAHLaunchCtl.a in Frameworks */ = {isa = PBXBuildFile; fileRef = BE5D44AE18F397CF00450160 /* libAHLaunchCtl.a */; };
		BE5D44B618F3985800450160 /* libAHLaunchCtl.a in Frameworks */ = {isa = PBXBuildFile; fileRef = BE5D44AE18F397CF00450160 /* libAHLaunchCtl.a */; };
		BE61676818F5C65F0036E9EA /* Images.xcassets in Resources */ = {isa = PBXBuildFile; fileRef = BE61676718F5C65F0036E9EA /* Images.xcassets */; };
		BE6A737C1857A47200A4DA71 /* NSWindow+canBecomeKeyWindow.m in Sources */ = {isa = PBXBuildFile; fileRef = BE6A737B1857A47200A4DA71 /* NSWindow+canBecomeKeyWindow.m */; };
		BE7FAE2718BBDE4100715E03 /* MUMSettings.m in Sources */ = {isa = PBXBuildFile; fileRef = BE7FAE2618BBDE4100715E03 /* MUMSettings.m */; };
		BE7FAE2818BBDED100715E03 /* MUMSettings.m in Sources */ = {isa = PBXBuildFile; fileRef = BE7FAE2618BBDE4100715E03 /* MUMSettings.m */; };
		BE7FAE2B18BBE3A400715E03 /* MUMError.m in Sources */ = {isa = PBXBuildFile; fileRef = BE7FAE2A18BBE3A400715E03 /* MUMError.m */; };
		BE7FAE2D18BBF9C200715E03 /* MUMError.m in Sources */ = {isa = PBXBuildFile; fileRef = BE7FAE2A18BBE3A400715E03 /* MUMError.m */; };
		BE8B45E3184510B0005D435B /* Cocoa.framework in Frameworks */ = {isa = PBXBuildFile; fileRef = BE8B45E2184510B0005D435B /* Cocoa.framework */; };
		BE8B45ED184510B0005D435B /* InfoPlist.strings in Resources */ = {isa = PBXBuildFile; fileRef = BE8B45EB184510B0005D435B /* InfoPlist.strings */; };
		BE8B45EF184510B0005D435B /* main.m in Sources */ = {isa = PBXBuildFile; fileRef = BE8B45EE184510B0005D435B /* main.m */; };
		BE8B45F3184510B0005D435B /* Credits.rtf in Resources */ = {isa = PBXBuildFile; fileRef = BE8B45F1184510B0005D435B /* Credits.rtf */; };
		BE8B45F6184510B0005D435B /* MUMDelegate.m in Sources */ = {isa = PBXBuildFile; fileRef = BE8B45F5184510B0005D435B /* MUMDelegate.m */; };
		BE8B45F9184510B0005D435B /* MainMenu.xib in Resources */ = {isa = PBXBuildFile; fileRef = BE8B45F7184510B0005D435B /* MainMenu.xib */; };
		BE8B46171845155A005D435B /* Managed Software Update.icns in Resources */ = {isa = PBXBuildFile; fileRef = BE8B46161845155A005D435B /* Managed Software Update.icns */; };
		BE8B461A18451663005D435B /* MUMController.m in Sources */ = {isa = PBXBuildFile; fileRef = BE8B461918451663005D435B /* MUMController.m */; };
		BE8B461D18451687005D435B /* MUMMenu.m in Sources */ = {isa = PBXBuildFile; fileRef = BE8B461C18451687005D435B /* MUMMenu.m */; };
		BE96704D18478586006B3A92 /* Foundation.framework in Frameworks */ = {isa = PBXBuildFile; fileRef = BE96704C18478586006B3A92 /* Foundation.framework */; };
		BE96705018478586006B3A92 /* main.m in Sources */ = {isa = PBXBuildFile; fileRef = BE96704F18478586006B3A92 /* main.m */; };
		BE96705B184785C2006B3A92 /* com.googlecode.MunkiMenu.helper in CopyFiles */ = {isa = PBXBuildFile; fileRef = BE96704B18478586006B3A92 /* com.googlecode.MunkiMenu.helper */; };
		BE984C3918A02E630098E4F1 /* MUMHelperConnection.m in Sources */ = {isa = PBXBuildFile; fileRef = BE984C3818A02E630098E4F1 /* MUMHelperConnection.m */; };
		BEAF7150188591CA0043A406 /* SystemConfiguration.framework in Frameworks */ = {isa = PBXBuildFile; fileRef = BEAF714F188591CA0043A406 /* SystemConfiguration.framework */; };
		BEAF7151188591D10043A406 /* ServiceManagement.framework in Frameworks */ = {isa = PBXBuildFile; fileRef = BEE3B716184E2AF600E19FF7 /* ServiceManagement.framework */; };
		BEB7F5D718451F3700C7ADDB /* Managed Software Update18x18.png in Resources */ = {isa = PBXBuildFile; fileRef = BEB7F5D618451F3700C7ADDB /* Managed Software Update18x18.png */; };
		BECD1E9318576006009BEB9F /* MUMConfigView.m in Sources */ = {isa = PBXBuildFile; fileRef = BECD1E9118576006009BEB9F /* MUMConfigView.m */; };
		BECD1E9418576006009BEB9F /* MUMConfigView.xib in Resources */ = {isa = PBXBuildFile; fileRef = BECD1E9218576006009BEB9F /* MUMConfigView.xib */; };
		BECD1E97185761CD009BEB9F /* MUMMenuView.m in Sources */ = {isa = PBXBuildFile; fileRef = BECD1E96185761CD009BEB9F /* MUMMenuView.m */; };
		BEE3B712184D85B700E19FF7 /* NSString(TextField)+isNotBlank.m in Sources */ = {isa = PBXBuildFile; fileRef = BEE3B711184D85B700E19FF7 /* NSString(TextField)+isNotBlank.m */; };
		BEE3B718184E2B0D00E19FF7 /* CoreServices.framework in Frameworks */ = {isa = PBXBuildFile; fileRef = BE2C07301847A7CD00DF867A /* CoreServices.framework */; };
		BEF910EC18B7D89A00D12D89 /* SystemConfiguration.framework in Frameworks */ = {isa = PBXBuildFile; fileRef = BEAF714F188591CA0043A406 /* SystemConfiguration.framework */; };
		BEF910EF18B7E85500D12D89 /* ServiceManagement.framework in Frameworks */ = {isa = PBXBuildFile; fileRef = BEE3B716184E2AF600E19FF7 /* ServiceManagement.framework */; };
/* End PBXBuildFile section */

/* Begin PBXContainerItemProxy section */
		BE5D44AD18F397CF00450160 /* PBXContainerItemProxy */ = {
			isa = PBXContainerItemProxy;
			containerPortal = BE5D44A218F397CF00450160 /* AHLaunchCtl.xcodeproj */;
			proxyType = 2;
			remoteGlobalIDString = BE76C6F118A19369003C94A0;
			remoteInfo = AHLaunchCtl;
		};
		BE5D44AF18F397CF00450160 /* PBXContainerItemProxy */ = {
			isa = PBXContainerItemProxy;
			containerPortal = BE5D44A218F397CF00450160 /* AHLaunchCtl.xcodeproj */;
			proxyType = 2;
			remoteGlobalIDString = BE76C70418A19369003C94A0;
			remoteInfo = AHLaunchCtlTests;
		};
		BE5D44B118F3981800450160 /* PBXContainerItemProxy */ = {
			isa = PBXContainerItemProxy;
			containerPortal = BE5D44A218F397CF00450160 /* AHLaunchCtl.xcodeproj */;
			proxyType = 1;
			remoteGlobalIDString = BE76C6F018A19369003C94A0;
			remoteInfo = AHLaunchCtl;
		};
		BE5D44B418F3985200450160 /* PBXContainerItemProxy */ = {
			isa = PBXContainerItemProxy;
			containerPortal = BE5D44A218F397CF00450160 /* AHLaunchCtl.xcodeproj */;
			proxyType = 1;
			remoteGlobalIDString = BE76C6F018A19369003C94A0;
			remoteInfo = AHLaunchCtl;
		};
		BE967058184785AC006B3A92 /* PBXContainerItemProxy */ = {
			isa = PBXContainerItemProxy;
			containerPortal = BE8B45D7184510B0005D435B /* Project object */;
			proxyType = 1;
			remoteGlobalIDString = BE96704A18478586006B3A92;
			remoteInfo = helper;
		};
/* End PBXContainerItemProxy section */

/* Begin PBXCopyFilesBuildPhase section */
		BE96705A184785B7006B3A92 /* CopyFiles */ = {
			isa = PBXCopyFilesBuildPhase;
			buildActionMask = 2147483647;
			dstPath = Contents/Library/LaunchServices;
			dstSubfolderSpec = 1;
			files = (
				BE96705B184785C2006B3A92 /* com.googlecode.MunkiMenu.helper in CopyFiles */,
			);
			runOnlyForDeploymentPostprocessing = 0;
		};
/* End PBXCopyFilesBuildPhase section */

/* Begin PBXFileReference section */
		BE2B994618F6DDA300A4428D /* MUMManagedSoftwareUpdate.h */ = {isa = PBXFileReference; fileEncoding = 4; lastKnownFileType = sourcecode.c.h; name = MUMManagedSoftwareUpdate.h; path = MunkiMenu/MUMManagedSoftwareUpdate.h; sourceTree = "<group>"; };
		BE2B994718F6DDA300A4428D /* MUMManagedSoftwareUpdate.m */ = {isa = PBXFileReference; fileEncoding = 4; lastKnownFileType = sourcecode.c.objc; name = MUMManagedSoftwareUpdate.m; path = MunkiMenu/MUMManagedSoftwareUpdate.m; sourceTree = "<group>"; };
		BE2B996B18F7297B00A4428D /* NSArray+firstObject.h */ = {isa = PBXFileReference; fileEncoding = 4; lastKnownFileType = sourcecode.c.h; path = "NSArray+firstObject.h"; sourceTree = "<group>"; };
		BE2B996C18F7297B00A4428D /* NSArray+firstObject.m */ = {isa = PBXFileReference; fileEncoding = 4; lastKnownFileType = sourcecode.c.objc; path = "NSArray+firstObject.m"; sourceTree = "<group>"; };
		BE2C07301847A7CD00DF867A /* CoreServices.framework */ = {isa = PBXFileReference; lastKnownFileType = wrapper.framework; name = CoreServices.framework; path = Platforms/MacOSX.platform/Developer/SDKs/MacOSX10.8.sdk/System/Library/Frameworks/CoreServices.framework; sourceTree = DEVELOPER_DIR; };
		BE2C07331847AB7400DF867A /* helper-Launchd.plist */ = {isa = PBXFileReference; fileEncoding = 4; lastKnownFileType = text.plist.xml; path = "helper-Launchd.plist"; sourceTree = "<group>"; };
		BE2C07341847BB9C00DF867A /* helper-Info.plist */ = {isa = PBXFileReference; fileEncoding = 4; lastKnownFileType = text.plist.xml; path = "helper-Info.plist"; sourceTree = "<group>"; };
		BE2C07381847CF8800DF867A /* Security.framework */ = {isa = PBXFileReference; lastKnownFileType = wrapper.framework; name = Security.framework; path = Platforms/MacOSX.platform/Developer/SDKs/MacOSX10.8.sdk/System/Library/Frameworks/Security.framework; sourceTree = DEVELOPER_DIR; };
		BE2C073A1848FA3400DF867A /* MUMInterface.h */ = {isa = PBXFileReference; lastKnownFileType = sourcecode.c.h; lineEnding = 0; name = MUMInterface.h; path = helper/MUMInterface.h; sourceTree = "<group>"; xcLanguageSpecificationIdentifier = xcode.lang.objcpp; };
		BE2C6F0818B940B600584021 /* HelperTool_CodeSign_RunScript.py */ = {isa = PBXFileReference; lastKnownFileType = text.script.python; path = HelperTool_CodeSign_RunScript.py; sourceTree = "<group>"; };
		BE56DDCC1850E31D00FCF55F /* MUMAuthorizer.h */ = {isa = PBXFileReference; fileEncoding = 4; lastKnownFileType = sourcecode.c.h; name = MUMAuthorizer.h; path = MunkiMenu/MUMAuthorizer.h; sourceTree = "<group>"; };
		BE56DDCD1850E31D00FCF55F /* MUMAuthorizer.m */ = {isa = PBXFileReference; fileEncoding = 4; lastKnownFileType = sourcecode.c.objc; name = MUMAuthorizer.m; path = MunkiMenu/MUMAuthorizer.m; sourceTree = "<group>"; };
		BE5D44A218F397CF00450160 /* AHLaunchCtl.xcodeproj */ = {isa = PBXFileReference; lastKnownFileType = "wrapper.pb-project"; name = AHLaunchCtl.xcodeproj; path = MunkiMenu/AHLaunchCtl/AHLaunchCtl.xcodeproj; sourceTree = "<group>"; };
		BE61676718F5C65F0036E9EA /* Images.xcassets */ = {isa = PBXFileReference; lastKnownFileType = folder.assetcatalog; path = Images.xcassets; sourceTree = "<group>"; };
		BE67461918BBB6C40021074A /* MUMConstants.h */ = {isa = PBXFileReference; lastKnownFileType = sourcecode.c.h; name = MUMConstants.h; path = MunkiMenu/MUMConstants.h; sourceTree = "<group>"; };
		BE6A737A1857A47200A4DA71 /* NSWindow+canBecomeKeyWindow.h */ = {isa = PBXFileReference; fileEncoding = 4; lastKnownFileType = sourcecode.c.h; path = "NSWindow+canBecomeKeyWindow.h"; sourceTree = "<group>"; };
		BE6A737B1857A47200A4DA71 /* NSWindow+canBecomeKeyWindow.m */ = {isa = PBXFileReference; fileEncoding = 4; lastKnownFileType = sourcecode.c.objc; path = "NSWindow+canBecomeKeyWindow.m"; sourceTree = "<group>"; };
		BE7FAE2518BBDE4100715E03 /* MUMSettings.h */ = {isa = PBXFileReference; fileEncoding = 4; lastKnownFileType = sourcecode.c.h; name = MUMSettings.h; path = MunkiMenu/MUMSettings.h; sourceTree = "<group>"; };
		BE7FAE2618BBDE4100715E03 /* MUMSettings.m */ = {isa = PBXFileReference; fileEncoding = 4; lastKnownFileType = sourcecode.c.objc; name = MUMSettings.m; path = MunkiMenu/MUMSettings.m; sourceTree = "<group>"; };
		BE7FAE2918BBE3A400715E03 /* MUMError.h */ = {isa = PBXFileReference; fileEncoding = 4; lastKnownFileType = sourcecode.c.h; name = MUMError.h; path = MunkiMenu/MUMError.h; sourceTree = "<group>"; };
		BE7FAE2A18BBE3A400715E03 /* MUMError.m */ = {isa = PBXFileReference; fileEncoding = 4; lastKnownFileType = sourcecode.c.objc; name = MUMError.m; path = MunkiMenu/MUMError.m; sourceTree = "<group>"; };
		BE8B45DF184510B0005D435B /* MunkiMenu.app */ = {isa = PBXFileReference; explicitFileType = wrapper.application; includeInIndex = 0; path = MunkiMenu.app; sourceTree = BUILT_PRODUCTS_DIR; };
		BE8B45E2184510B0005D435B /* Cocoa.framework */ = {isa = PBXFileReference; lastKnownFileType = wrapper.framework; name = Cocoa.framework; path = System/Library/Frameworks/Cocoa.framework; sourceTree = SDKROOT; };
		BE8B45E5184510B0005D435B /* AppKit.framework */ = {isa = PBXFileReference; lastKnownFileType = wrapper.framework; name = AppKit.framework; path = System/Library/Frameworks/AppKit.framework; sourceTree = SDKROOT; };
		BE8B45E6184510B0005D435B /* CoreData.framework */ = {isa = PBXFileReference; lastKnownFileType = wrapper.framework; name = CoreData.framework; path = System/Library/Frameworks/CoreData.framework; sourceTree = SDKROOT; };
		BE8B45E7184510B0005D435B /* Foundation.framework */ = {isa = PBXFileReference; lastKnownFileType = wrapper.framework; name = Foundation.framework; path = System/Library/Frameworks/Foundation.framework; sourceTree = SDKROOT; };
		BE8B45EA184510B0005D435B /* MunkiMenu-Info.plist */ = {isa = PBXFileReference; lastKnownFileType = text.plist.xml; path = "MunkiMenu-Info.plist"; sourceTree = "<group>"; };
		BE8B45EC184510B0005D435B /* en */ = {isa = PBXFileReference; lastKnownFileType = text.plist.strings; name = en; path = en.lproj/InfoPlist.strings; sourceTree = "<group>"; };
		BE8B45EE184510B0005D435B /* main.m */ = {isa = PBXFileReference; lastKnownFileType = sourcecode.c.objc; path = main.m; sourceTree = "<group>"; };
		BE8B45F0184510B0005D435B /* MunkiMenu-Prefix.pch */ = {isa = PBXFileReference; lastKnownFileType = sourcecode.c.h; path = "MunkiMenu-Prefix.pch"; sourceTree = "<group>"; };
		BE8B45F2184510B0005D435B /* en */ = {isa = PBXFileReference; lastKnownFileType = text.rtf; name = en; path = en.lproj/Credits.rtf; sourceTree = "<group>"; };
		BE8B45F4184510B0005D435B /* MUMDelegate.h */ = {isa = PBXFileReference; lastKnownFileType = sourcecode.c.h; path = MUMDelegate.h; sourceTree = "<group>"; };
		BE8B45F5184510B0005D435B /* MUMDelegate.m */ = {isa = PBXFileReference; lastKnownFileType = sourcecode.c.objc; path = MUMDelegate.m; sourceTree = "<group>"; };
		BE8B45F8184510B0005D435B /* Base */ = {isa = PBXFileReference; lastKnownFileType = file.xib; name = Base; path = Base.lproj/MainMenu.xib; sourceTree = "<group>"; };
		BE8B4601184510B0005D435B /* XCTest.framework */ = {isa = PBXFileReference; lastKnownFileType = wrapper.framework; name = XCTest.framework; path = Library/Frameworks/XCTest.framework; sourceTree = DEVELOPER_DIR; };
		BE8B46161845155A005D435B /* Managed Software Update.icns */ = {isa = PBXFileReference; lastKnownFileType = image.icns; name = "Managed Software Update.icns"; path = "../Managed Software Update.icns"; sourceTree = "<group>"; };
		BE8B461818451663005D435B /* MUMController.h */ = {isa = PBXFileReference; fileEncoding = 4; lastKnownFileType = sourcecode.c.h; path = MUMController.h; sourceTree = "<group>"; };
		BE8B461918451663005D435B /* MUMController.m */ = {isa = PBXFileReference; fileEncoding = 4; lastKnownFileType = sourcecode.c.objc; lineEnding = 0; path = MUMController.m; sourceTree = "<group>"; xcLanguageSpecificationIdentifier = xcode.lang.objc; };
		BE8B461B18451687005D435B /* MUMMenu.h */ = {isa = PBXFileReference; fileEncoding = 4; lastKnownFileType = sourcecode.c.h; lineEnding = 0; path = MUMMenu.h; sourceTree = "<group>"; xcLanguageSpecificationIdentifier = xcode.lang.objcpp; };
		BE8B461C18451687005D435B /* MUMMenu.m */ = {isa = PBXFileReference; fileEncoding = 4; lastKnownFileType = sourcecode.c.objc; lineEnding = 0; path = MUMMenu.m; sourceTree = "<group>"; xcLanguageSpecificationIdentifier = xcode.lang.objc; };
		BE96704B18478586006B3A92 /* com.googlecode.MunkiMenu.helper */ = {isa = PBXFileReference; explicitFileType = "compiled.mach-o.executable"; includeInIndex = 0; path = com.googlecode.MunkiMenu.helper; sourceTree = BUILT_PRODUCTS_DIR; };
		BE96704C18478586006B3A92 /* Foundation.framework */ = {isa = PBXFileReference; lastKnownFileType = wrapper.framework; name = Foundation.framework; path = System/Library/Frameworks/Foundation.framework; sourceTree = SDKROOT; };
		BE96704F18478586006B3A92 /* main.m */ = {isa = PBXFileReference; lastKnownFileType = sourcecode.c.objc; path = main.m; sourceTree = "<group>"; };
		BE96705218478586006B3A92 /* helper-Prefix.pch */ = {isa = PBXFileReference; lastKnownFileType = sourcecode.c.h; path = "helper-Prefix.pch"; sourceTree = "<group>"; };
		BE96705E1847896B006B3A92 /* MUMHelper.h */ = {isa = PBXFileReference; fileEncoding = 4; lastKnownFileType = sourcecode.c.h; path = MUMHelper.h; sourceTree = "<group>"; };
		BE96705F1847896B006B3A92 /* MUMHelper.m */ = {isa = PBXFileReference; fileEncoding = 4; lastKnownFileType = sourcecode.c.objc; lineEnding = 0; path = MUMHelper.m; sourceTree = "<group>"; xcLanguageSpecificationIdentifier = xcode.lang.objc; };
		BE984C3718A02E630098E4F1 /* MUMHelperConnection.h */ = {isa = PBXFileReference; fileEncoding = 4; lastKnownFileType = sourcecode.c.h; lineEnding = 0; path = MUMHelperConnection.h; sourceTree = "<group>"; xcLanguageSpecificationIdentifier = xcode.lang.objcpp; };
		BE984C3818A02E630098E4F1 /* MUMHelperConnection.m */ = {isa = PBXFileReference; fileEncoding = 4; lastKnownFileType = sourcecode.c.objc; path = MUMHelperConnection.m; sourceTree = "<group>"; };
		BEAF714F188591CA0043A406 /* SystemConfiguration.framework */ = {isa = PBXFileReference; lastKnownFileType = wrapper.framework; name = SystemConfiguration.framework; path = Platforms/MacOSX.platform/Developer/SDKs/MacOSX10.8.sdk/System/Library/Frameworks/SystemConfiguration.framework; sourceTree = DEVELOPER_DIR; };
		BEB7F5D618451F3700C7ADDB /* Managed Software Update18x18.png */ = {isa = PBXFileReference; lastKnownFileType = image.png; path = "Managed Software Update18x18.png"; sourceTree = "<group>"; };
		BECD1E9018576006009BEB9F /* MUMConfigView.h */ = {isa = PBXFileReference; fileEncoding = 4; lastKnownFileType = sourcecode.c.h; path = MUMConfigView.h; sourceTree = "<group>"; };
		BECD1E9118576006009BEB9F /* MUMConfigView.m */ = {isa = PBXFileReference; fileEncoding = 4; lastKnownFileType = sourcecode.c.objc; path = MUMConfigView.m; sourceTree = "<group>"; };
		BECD1E9218576006009BEB9F /* MUMConfigView.xib */ = {isa = PBXFileReference; fileEncoding = 4; lastKnownFileType = file.xib; path = MUMConfigView.xib; sourceTree = "<group>"; };
		BECD1E95185761CD009BEB9F /* MUMMenuView.h */ = {isa = PBXFileReference; fileEncoding = 4; lastKnownFileType = sourcecode.c.h; path = MUMMenuView.h; sourceTree = "<group>"; };
		BECD1E96185761CD009BEB9F /* MUMMenuView.m */ = {isa = PBXFileReference; fileEncoding = 4; lastKnownFileType = sourcecode.c.objc; path = MUMMenuView.m; sourceTree = "<group>"; };
		BED4C5E018F10AE000E3ACF2 /* README.md */ = {isa = PBXFileReference; lastKnownFileType = text; path = README.md; sourceTree = "<group>"; };
		BEE3B710184D85B700E19FF7 /* NSString(TextField)+isNotBlank.h */ = {isa = PBXFileReference; fileEncoding = 4; lastKnownFileType = sourcecode.c.h; path = "NSString(TextField)+isNotBlank.h"; sourceTree = "<group>"; };
		BEE3B711184D85B700E19FF7 /* NSString(TextField)+isNotBlank.m */ = {isa = PBXFileReference; fileEncoding = 4; lastKnownFileType = sourcecode.c.objc; path = "NSString(TextField)+isNotBlank.m"; sourceTree = "<group>"; };
		BEE3B716184E2AF600E19FF7 /* ServiceManagement.framework */ = {isa = PBXFileReference; lastKnownFileType = wrapper.framework; name = ServiceManagement.framework; path = Platforms/MacOSX.platform/Developer/SDKs/MacOSX10.8.sdk/System/Library/Frameworks/ServiceManagement.framework; sourceTree = DEVELOPER_DIR; };
/* End PBXFileReference section */

/* Begin PBXFrameworksBuildPhase section */
		BE8B45DC184510B0005D435B /* Frameworks */ = {
			isa = PBXFrameworksBuildPhase;
			buildActionMask = 2147483647;
			files = (
				BE5D44B318F3983400450160 /* libAHLaunchCtl.a in Frameworks */,
				BEF910EC18B7D89A00D12D89 /* SystemConfiguration.framework in Frameworks */,
				BEF910EF18B7E85500D12D89 /* ServiceManagement.framework in Frameworks */,
				BE2C07391847CF8800DF867A /* Security.framework in Frameworks */,
				BE8B45E3184510B0005D435B /* Cocoa.framework in Frameworks */,
			);
			runOnlyForDeploymentPostprocessing = 0;
		};
		BE96704818478586006B3A92 /* Frameworks */ = {
			isa = PBXFrameworksBuildPhase;
			buildActionMask = 2147483647;
			files = (
				BE5D44B618F3985800450160 /* libAHLaunchCtl.a in Frameworks */,
				BEAF7151188591D10043A406 /* ServiceManagement.framework in Frameworks */,
				BEAF7150188591CA0043A406 /* SystemConfiguration.framework in Frameworks */,
				BE56DDD01850EAC400FCF55F /* Security.framework in Frameworks */,
				BEE3B718184E2B0D00E19FF7 /* CoreServices.framework in Frameworks */,
				BE96704D18478586006B3A92 /* Foundation.framework in Frameworks */,
			);
			runOnlyForDeploymentPostprocessing = 0;
		};
/* End PBXFrameworksBuildPhase section */

/* Begin PBXGroup section */
		BE5D44A318F397CF00450160 /* Products */ = {
			isa = PBXGroup;
			children = (
				BE5D44AE18F397CF00450160 /* libAHLaunchCtl.a */,
				BE5D44B018F397CF00450160 /* AHLaunchCtlTests.xctest */,
			);
			name = Products;
			sourceTree = "<group>";
		};
		BE69529818491E9C0008CFAA /* Shared */ = {
			isa = PBXGroup;
			children = (
				BE67461918BBB6C40021074A /* MUMConstants.h */,
				BE2C073A1848FA3400DF867A /* MUMInterface.h */,
				BE7FAE2518BBDE4100715E03 /* MUMSettings.h */,
				BE7FAE2618BBDE4100715E03 /* MUMSettings.m */,
				BE56DDCC1850E31D00FCF55F /* MUMAuthorizer.h */,
				BE56DDCD1850E31D00FCF55F /* MUMAuthorizer.m */,
				BE7FAE2918BBE3A400715E03 /* MUMError.h */,
				BE7FAE2A18BBE3A400715E03 /* MUMError.m */,
				BE2B994618F6DDA300A4428D /* MUMManagedSoftwareUpdate.h */,
				BE2B994718F6DDA300A4428D /* MUMManagedSoftwareUpdate.m */,
			);
			name = Shared;
			sourceTree = "<group>";
		};
		BE6A737D1857AAFE00A4DA71 /* Custom Catagories */ = {
			isa = PBXGroup;
			children = (
				BE6A737A1857A47200A4DA71 /* NSWindow+canBecomeKeyWindow.h */,
				BE6A737B1857A47200A4DA71 /* NSWindow+canBecomeKeyWindow.m */,
				BEE3B710184D85B700E19FF7 /* NSString(TextField)+isNotBlank.h */,
				BEE3B711184D85B700E19FF7 /* NSString(TextField)+isNotBlank.m */,
				BE2B996B18F7297B00A4428D /* NSArray+firstObject.h */,
				BE2B996C18F7297B00A4428D /* NSArray+firstObject.m */,
			);
			name = "Custom Catagories";
			sourceTree = "<group>";
		};
		BE76C6E518A14F1F003C94A0 /* User Interface */ = {
			isa = PBXGroup;
			children = (
				BE61676718F5C65F0036E9EA /* Images.xcassets */,
				BEB7F5D618451F3700C7ADDB /* Managed Software Update18x18.png */,
				BE8B46161845155A005D435B /* Managed Software Update.icns */,
				BECD1E9218576006009BEB9F /* MUMConfigView.xib */,
				BE8B45F7184510B0005D435B /* MainMenu.xib */,
			);
			name = "User Interface";
			sourceTree = "<group>";
		};
		BE8B45D6184510B0005D435B = {
			isa = PBXGroup;
			children = (
				BED4C5E018F10AE000E3ACF2 /* README.md */,
				BE2C6F0818B940B600584021 /* HelperTool_CodeSign_RunScript.py */,
				BE69529818491E9C0008CFAA /* Shared */,
				BE8B45E8184510B0005D435B /* MunkiMenu */,
				BE96704E18478586006B3A92 /* Helper Tool */,
				BE8B45E1184510B0005D435B /* Frameworks */,
				BE8B45E0184510B0005D435B /* Products */,
				BE5D44A218F397CF00450160 /* AHLaunchCtl.xcodeproj */,
			);
			sourceTree = "<group>";
		};
		BE8B45E0184510B0005D435B /* Products */ = {
			isa = PBXGroup;
			children = (
				BE8B45DF184510B0005D435B /* MunkiMenu.app */,
				BE96704B18478586006B3A92 /* com.googlecode.MunkiMenu.helper */,
			);
			name = Products;
			sourceTree = "<group>";
		};
		BE8B45E1184510B0005D435B /* Frameworks */ = {
			isa = PBXGroup;
			children = (
				BEAF714F188591CA0043A406 /* SystemConfiguration.framework */,
				BEE3B716184E2AF600E19FF7 /* ServiceManagement.framework */,
				BE2C07381847CF8800DF867A /* Security.framework */,
				BE2C07301847A7CD00DF867A /* CoreServices.framework */,
				BE8B45E2184510B0005D435B /* Cocoa.framework */,
				BE8B4601184510B0005D435B /* XCTest.framework */,
				BE96704C18478586006B3A92 /* Foundation.framework */,
				BE8B45E4184510B0005D435B /* Other Frameworks */,
			);
			name = Frameworks;
			sourceTree = "<group>";
		};
		BE8B45E4184510B0005D435B /* Other Frameworks */ = {
			isa = PBXGroup;
			children = (
				BE8B45E5184510B0005D435B /* AppKit.framework */,
				BE8B45E6184510B0005D435B /* CoreData.framework */,
				BE8B45E7184510B0005D435B /* Foundation.framework */,
			);
			name = "Other Frameworks";
			sourceTree = "<group>";
		};
		BE8B45E8184510B0005D435B /* MunkiMenu */ = {
			isa = PBXGroup;
			children = (
				BE8B45F4184510B0005D435B /* MUMDelegate.h */,
				BE8B45F5184510B0005D435B /* MUMDelegate.m */,
				BE8B461818451663005D435B /* MUMController.h */,
				BE8B461918451663005D435B /* MUMController.m */,
				BE8B461B18451687005D435B /* MUMMenu.h */,
				BE8B461C18451687005D435B /* MUMMenu.m */,
				BECD1E95185761CD009BEB9F /* MUMMenuView.h */,
				BECD1E96185761CD009BEB9F /* MUMMenuView.m */,
				BECD1E9018576006009BEB9F /* MUMConfigView.h */,
				BECD1E9118576006009BEB9F /* MUMConfigView.m */,
				BE984C3718A02E630098E4F1 /* MUMHelperConnection.h */,
				BE984C3818A02E630098E4F1 /* MUMHelperConnection.m */,
				BE8B45E9184510B0005D435B /* Supporting Files */,
				BE6A737D1857AAFE00A4DA71 /* Custom Catagories */,
				BE76C6E518A14F1F003C94A0 /* User Interface */,
			);
			name = MunkiMenu;
			path = ../munkimenu/MunkiMenu;
			sourceTree = "<group>";
		};
		BE8B45E9184510B0005D435B /* Supporting Files */ = {
			isa = PBXGroup;
			children = (
				BE8B45EA184510B0005D435B /* MunkiMenu-Info.plist */,
				BE8B45EB184510B0005D435B /* InfoPlist.strings */,
				BE8B45EE184510B0005D435B /* main.m */,
				BE8B45F0184510B0005D435B /* MunkiMenu-Prefix.pch */,
				BE8B45F1184510B0005D435B /* Credits.rtf */,
			);
			name = "Supporting Files";
			sourceTree = "<group>";
		};
		BE96704E18478586006B3A92 /* Helper Tool */ = {
			isa = PBXGroup;
			children = (
				BE96704F18478586006B3A92 /* main.m */,
				BE96705E1847896B006B3A92 /* MUMHelper.h */,
				BE96705F1847896B006B3A92 /* MUMHelper.m */,
				BE96705118478586006B3A92 /* Supporting Files */,
			);
			name = "Helper Tool";
			path = helper;
			sourceTree = "<group>";
		};
		BE96705118478586006B3A92 /* Supporting Files */ = {
			isa = PBXGroup;
			children = (
				BE2C07341847BB9C00DF867A /* helper-Info.plist */,
				BE2C07331847AB7400DF867A /* helper-Launchd.plist */,
				BE96705218478586006B3A92 /* helper-Prefix.pch */,
			);
			name = "Supporting Files";
			sourceTree = "<group>";
		};
/* End PBXGroup section */

/* Begin PBXNativeTarget section */
		BE8B45DE184510B0005D435B /* MunkiMenu */ = {
			isa = PBXNativeTarget;
			buildConfigurationList = BE8B4610184510B0005D435B /* Build configuration list for PBXNativeTarget "MunkiMenu" */;
			buildPhases = (
				BE8B45DB184510B0005D435B /* Sources */,
				BE8B45DC184510B0005D435B /* Frameworks */,
				BE8B45DD184510B0005D435B /* Resources */,
				BE96705A184785B7006B3A92 /* CopyFiles */,
			);
			buildRules = (
			);
			dependencies = (
				BE5D44B218F3981800450160 /* PBXTargetDependency */,
				BE967059184785AC006B3A92 /* PBXTargetDependency */,
			);
			name = MunkiMenu;
			productName = MunkiMenu;
			productReference = BE8B45DF184510B0005D435B /* MunkiMenu.app */;
			productType = "com.apple.product-type.application";
		};
		BE96704A18478586006B3A92 /* com.googlecode.MunkiMenu.helper */ = {
			isa = PBXNativeTarget;
			buildConfigurationList = BE96705718478587006B3A92 /* Build configuration list for PBXNativeTarget "com.googlecode.MunkiMenu.helper" */;
			buildPhases = (
				BE96704718478586006B3A92 /* Sources */,
				BE96704818478586006B3A92 /* Frameworks */,
			);
			buildRules = (
			);
			dependencies = (
				BE5D44B518F3985200450160 /* PBXTargetDependency */,
			);
			name = com.googlecode.MunkiMenu.helper;
			productName = helper;
			productReference = BE96704B18478586006B3A92 /* com.googlecode.MunkiMenu.helper */;
			productType = "com.apple.product-type.tool";
		};
/* End PBXNativeTarget section */

/* Begin PBXProject section */
		BE8B45D7184510B0005D435B /* Project object */ = {
			isa = PBXProject;
			attributes = {
				LastUpgradeCheck = 0500;
				ORGANIZATIONNAME = "Eldon Ahrold";
			};
			buildConfigurationList = BE8B45DA184510B0005D435B /* Build configuration list for PBXProject "MunkiMenu" */;
			compatibilityVersion = "Xcode 3.2";
			developmentRegion = English;
			hasScannedForEncodings = 0;
			knownRegions = (
				en,
				Base,
			);
			mainGroup = BE8B45D6184510B0005D435B;
			productRefGroup = BE8B45E0184510B0005D435B /* Products */;
			projectDirPath = "";
			projectReferences = (
				{
					ProductGroup = BE5D44A318F397CF00450160 /* Products */;
					ProjectRef = BE5D44A218F397CF00450160 /* AHLaunchCtl.xcodeproj */;
				},
			);
			projectRoot = "";
			targets = (
				BE8B45DE184510B0005D435B /* MunkiMenu */,
				BE96704A18478586006B3A92 /* com.googlecode.MunkiMenu.helper */,
			);
		};
/* End PBXProject section */

/* Begin PBXReferenceProxy section */
		BE5D44AE18F397CF00450160 /* libAHLaunchCtl.a */ = {
			isa = PBXReferenceProxy;
			fileType = archive.ar;
			path = libAHLaunchCtl.a;
			remoteRef = BE5D44AD18F397CF00450160 /* PBXContainerItemProxy */;
			sourceTree = BUILT_PRODUCTS_DIR;
		};
		BE5D44B018F397CF00450160 /* AHLaunchCtlTests.xctest */ = {
			isa = PBXReferenceProxy;
			fileType = wrapper.cfbundle;
			path = AHLaunchCtlTests.xctest;
			remoteRef = BE5D44AF18F397CF00450160 /* PBXContainerItemProxy */;
			sourceTree = BUILT_PRODUCTS_DIR;
		};
/* End PBXReferenceProxy section */

/* Begin PBXResourcesBuildPhase section */
		BE8B45DD184510B0005D435B /* Resources */ = {
			isa = PBXResourcesBuildPhase;
			buildActionMask = 2147483647;
			files = (
				BECD1E9418576006009BEB9F /* MUMConfigView.xib in Resources */,
				BE8B45ED184510B0005D435B /* InfoPlist.strings in Resources */,
				BE61676818F5C65F0036E9EA /* Images.xcassets in Resources */,
				BE8B45F3184510B0005D435B /* Credits.rtf in Resources */,
				BE8B46171845155A005D435B /* Managed Software Update.icns in Resources */,
				BEB7F5D718451F3700C7ADDB /* Managed Software Update18x18.png in Resources */,
				BE8B45F9184510B0005D435B /* MainMenu.xib in Resources */,
			);
			runOnlyForDeploymentPostprocessing = 0;
		};
/* End PBXResourcesBuildPhase section */

/* Begin PBXSourcesBuildPhase section */
		BE8B45DB184510B0005D435B /* Sources */ = {
			isa = PBXSourcesBuildPhase;
			buildActionMask = 2147483647;
			files = (
				BE8B45F6184510B0005D435B /* MUMDelegate.m in Sources */,
				BE2B994818F6DDA300A4428D /* MUMManagedSoftwareUpdate.m in Sources */,
				BE2B996D18F7297B00A4428D /* NSArray+firstObject.m in Sources */,
				BE8B461A18451663005D435B /* MUMController.m in Sources */,
				BE8B461D18451687005D435B /* MUMMenu.m in Sources */,
				BE984C3918A02E630098E4F1 /* MUMHelperConnection.m in Sources */,
				BE7FAE2718BBDE4100715E03 /* MUMSettings.m in Sources */,
				BECD1E9318576006009BEB9F /* MUMConfigView.m in Sources */,
				BE7FAE2B18BBE3A400715E03 /* MUMError.m in Sources */,
				BECD1E97185761CD009BEB9F /* MUMMenuView.m in Sources */,
				BE56DDCE1850E31D00FCF55F /* MUMAuthorizer.m in Sources */,
				BEE3B712184D85B700E19FF7 /* NSString(TextField)+isNotBlank.m in Sources */,
				BE6A737C1857A47200A4DA71 /* NSWindow+canBecomeKeyWindow.m in Sources */,
				BE8B45EF184510B0005D435B /* main.m in Sources */,
			);
			runOnlyForDeploymentPostprocessing = 0;
		};
		BE96704718478586006B3A92 /* Sources */ = {
			isa = PBXSourcesBuildPhase;
			buildActionMask = 2147483647;
			files = (
				BE96705018478586006B3A92 /* main.m in Sources */,
				BE2C07321847A88B00DF867A /* MUMHelper.m in Sources */,
				BE2B996E18F7297B00A4428D /* NSArray+firstObject.m in Sources */,
				BE56DDCF1850E31D00FCF55F /* MUMAuthorizer.m in Sources */,
				BE7FAE2818BBDED100715E03 /* MUMSettings.m in Sources */,
				BE7FAE2D18BBF9C200715E03 /* MUMError.m in Sources */,
				BE2B996918F6E5D600A4428D /* MUMManagedSoftwareUpdate.m in Sources */,
			);
			runOnlyForDeploymentPostprocessing = 0;
		};
/* End PBXSourcesBuildPhase section */

/* Begin PBXTargetDependency section */
		BE5D44B218F3981800450160 /* PBXTargetDependency */ = {
			isa = PBXTargetDependency;
			name = AHLaunchCtl;
			targetProxy = BE5D44B118F3981800450160 /* PBXContainerItemProxy */;
		};
		BE5D44B518F3985200450160 /* PBXTargetDependency */ = {
			isa = PBXTargetDependency;
			name = AHLaunchCtl;
			targetProxy = BE5D44B418F3985200450160 /* PBXContainerItemProxy */;
		};
		BE967059184785AC006B3A92 /* PBXTargetDependency */ = {
			isa = PBXTargetDependency;
			target = BE96704A18478586006B3A92 /* com.googlecode.MunkiMenu.helper */;
			targetProxy = BE967058184785AC006B3A92 /* PBXContainerItemProxy */;
		};
/* End PBXTargetDependency section */

/* Begin PBXVariantGroup section */
		BE8B45EB184510B0005D435B /* InfoPlist.strings */ = {
			isa = PBXVariantGroup;
			children = (
				BE8B45EC184510B0005D435B /* en */,
			);
			name = InfoPlist.strings;
			sourceTree = "<group>";
		};
		BE8B45F1184510B0005D435B /* Credits.rtf */ = {
			isa = PBXVariantGroup;
			children = (
				BE8B45F2184510B0005D435B /* en */,
			);
			name = Credits.rtf;
			sourceTree = "<group>";
		};
		BE8B45F7184510B0005D435B /* MainMenu.xib */ = {
			isa = PBXVariantGroup;
			children = (
				BE8B45F8184510B0005D435B /* Base */,
			);
			name = MainMenu.xib;
			sourceTree = "<group>";
		};
/* End PBXVariantGroup section */

/* Begin XCBuildConfiguration section */
		BE8B460E184510B0005D435B /* Debug */ = {
			isa = XCBuildConfiguration;
			buildSettings = {
				ALWAYS_SEARCH_USER_PATHS = NO;
				CLANG_CXX_LANGUAGE_STANDARD = "gnu++0x";
				CLANG_CXX_LIBRARY = "libc++";
				CLANG_ENABLE_OBJC_ARC = YES;
				CLANG_WARN_BOOL_CONVERSION = YES;
				CLANG_WARN_CONSTANT_CONVERSION = YES;
				CLANG_WARN_DIRECT_OBJC_ISA_USAGE = YES_ERROR;
				CLANG_WARN_EMPTY_BODY = YES;
				CLANG_WARN_ENUM_CONVERSION = YES;
				CLANG_WARN_INT_CONVERSION = YES;
				CLANG_WARN_OBJC_ROOT_CLASS = YES_ERROR;
				CLANG_WARN__DUPLICATE_METHOD_MATCH = YES;
				COPY_PHASE_STRIP = NO;
				GCC_C_LANGUAGE_STANDARD = gnu99;
				GCC_DYNAMIC_NO_PIC = NO;
				GCC_ENABLE_OBJC_EXCEPTIONS = YES;
				GCC_OPTIMIZATION_LEVEL = 0;
				GCC_PREPROCESSOR_DEFINITIONS = (
					"DEBUG=1",
					"$(inherited)",
				);
				GCC_SYMBOLS_PRIVATE_EXTERN = NO;
				GCC_WARN_64_TO_32_BIT_CONVERSION = YES;
				GCC_WARN_ABOUT_RETURN_TYPE = YES_ERROR;
				GCC_WARN_UNDECLARED_SELECTOR = YES;
				GCC_WARN_UNINITIALIZED_AUTOS = YES;
				GCC_WARN_UNUSED_FUNCTION = YES;
				GCC_WARN_UNUSED_VARIABLE = YES;
				MACOSX_DEPLOYMENT_TARGET = 10.8;
				ONLY_ACTIVE_ARCH = YES;
				SDKROOT = macosx;
			};
			name = Debug;
		};
		BE8B460F184510B0005D435B /* Release */ = {
			isa = XCBuildConfiguration;
			buildSettings = {
				ALWAYS_SEARCH_USER_PATHS = NO;
				CLANG_CXX_LANGUAGE_STANDARD = "gnu++0x";
				CLANG_CXX_LIBRARY = "libc++";
				CLANG_ENABLE_OBJC_ARC = YES;
				CLANG_WARN_BOOL_CONVERSION = YES;
				CLANG_WARN_CONSTANT_CONVERSION = YES;
				CLANG_WARN_DIRECT_OBJC_ISA_USAGE = YES_ERROR;
				CLANG_WARN_EMPTY_BODY = YES;
				CLANG_WARN_ENUM_CONVERSION = YES;
				CLANG_WARN_INT_CONVERSION = YES;
				CLANG_WARN_OBJC_ROOT_CLASS = YES_ERROR;
				CLANG_WARN__DUPLICATE_METHOD_MATCH = YES;
				COPY_PHASE_STRIP = YES;
				DEBUG_INFORMATION_FORMAT = "dwarf-with-dsym";
				ENABLE_NS_ASSERTIONS = NO;
				GCC_C_LANGUAGE_STANDARD = gnu99;
				GCC_ENABLE_OBJC_EXCEPTIONS = YES;
				GCC_WARN_64_TO_32_BIT_CONVERSION = YES;
				GCC_WARN_ABOUT_RETURN_TYPE = YES_ERROR;
				GCC_WARN_UNDECLARED_SELECTOR = YES;
				GCC_WARN_UNINITIALIZED_AUTOS = YES;
				GCC_WARN_UNUSED_FUNCTION = YES;
				GCC_WARN_UNUSED_VARIABLE = YES;
				MACOSX_DEPLOYMENT_TARGET = 10.8;
				SDKROOT = macosx;
			};
			name = Release;
		};
		BE8B4611184510B0005D435B /* Debug */ = {
			isa = XCBuildConfiguration;
			buildSettings = {
				ASSETCATALOG_COMPILER_APPICON_NAME = AppIcon;
				CODE_SIGN_IDENTITY = "Developer ID Application";
				COMBINE_HIDPI_IMAGES = YES;
				GCC_PRECOMPILE_PREFIX_HEADER = YES;
				GCC_PREFIX_HEADER = "MunkiMenu/MunkiMenu-Prefix.pch";
				HEADER_SEARCH_PATHS = (
					"$(inherited)",
					/Applications/Xcode.app/Contents/Developer/Toolchains/XcodeDefault.xctoolchain/usr/include,
					"$(BUILT_PRODUCTS_DIR)/**",
				);
				INFOPLIST_FILE = "MunkiMenu/MunkiMenu-Info.plist";
				LIBRARY_SEARCH_PATHS = "$(inherited)";
				MACOSX_DEPLOYMENT_TARGET = 10.8;
				OTHER_CODE_SIGN_FLAGS = "--deep";
				PRODUCT_NAME = "$(TARGET_NAME)";
				SDKROOT = macosx10.8;
				STRIP_INSTALLED_PRODUCT = NO;
				USER_HEADER_SEARCH_PATHS = "";
				WRAPPER_EXTENSION = app;
			};
			name = Debug;
		};
		BE8B4612184510B0005D435B /* Release */ = {
			isa = XCBuildConfiguration;
			buildSettings = {
				ASSETCATALOG_COMPILER_APPICON_NAME = AppIcon;
				CODE_SIGN_IDENTITY = "Developer ID Application";
				COMBINE_HIDPI_IMAGES = YES;
				COPY_PHASE_STRIP = NO;
				GCC_PRECOMPILE_PREFIX_HEADER = YES;
				GCC_PREFIX_HEADER = "MunkiMenu/MunkiMenu-Prefix.pch";
				HEADER_SEARCH_PATHS = (
					"$(inherited)",
					/Applications/Xcode.app/Contents/Developer/Toolchains/XcodeDefault.xctoolchain/usr/include,
					"$(BUILT_PRODUCTS_DIR)/**",
				);
				INFOPLIST_FILE = "MunkiMenu/MunkiMenu-Info.plist";
				LIBRARY_SEARCH_PATHS = "$(inherited)";
				MACOSX_DEPLOYMENT_TARGET = 10.8;
				OTHER_CODE_SIGN_FLAGS = "--deep";
				PRODUCT_NAME = "$(TARGET_NAME)";
				SDKROOT = macosx10.8;
				STRIP_INSTALLED_PRODUCT = NO;
				USER_HEADER_SEARCH_PATHS = "";
				WRAPPER_EXTENSION = app;
			};
			name = Release;
		};
		BE96705518478587006B3A92 /* Debug */ = {
			isa = XCBuildConfiguration;
			buildSettings = {
				CODE_SIGN_IDENTITY = "Developer ID Application";
				COPY_PHASE_STRIP = NO;
				GCC_PRECOMPILE_PREFIX_HEADER = YES;
				GCC_PREFIX_HEADER = "helper/helper-Prefix.pch";
				GCC_PREPROCESSOR_DEFINITIONS = (
					"DEBUG=1",
					"$(inherited)",
				);
				HEADER_SEARCH_PATHS = (
					"$(inherited)",
					/Applications/Xcode.app/Contents/Developer/Toolchains/XcodeDefault.xctoolchain/usr/include,
					"$(BUILT_PRODUCTS_DIR)/**",
				);
				INSTALL_PATH = "";
				LIBRARY_SEARCH_PATHS = "$(inherited)";
				MACOSX_DEPLOYMENT_TARGET = 10.8;
				OTHER_LDFLAGS = (
					"-sectcreate",
					__TEXT,
					__info_plist,
					"helper/helper-Info.plist",
					"-sectcreate",
					__TEXT,
					__launchd_plist,
					"helper/helper-Launchd.plist",
				);
				PRODUCT_NAME = "$(TARGET_NAME)";
				SDKROOT = macosx10.8;
				STRIP_INSTALLED_PRODUCT = NO;
				USER_HEADER_SEARCH_PATHS = "";
			};
			name = Debug;
		};
		BE96705618478587006B3A92 /* Release */ = {
			isa = XCBuildConfiguration;
			buildSettings = {
				CODE_SIGN_IDENTITY = "Developer ID Application";
				COPY_PHASE_STRIP = NO;
				GCC_PRECOMPILE_PREFIX_HEADER = YES;
				GCC_PREFIX_HEADER = "helper/helper-Prefix.pch";
				HEADER_SEARCH_PATHS = (
					"$(inherited)",
					/Applications/Xcode.app/Contents/Developer/Toolchains/XcodeDefault.xctoolchain/usr/include,
					"$(BUILT_PRODUCTS_DIR)/**",
				);
				INSTALL_PATH = "";
				LIBRARY_SEARCH_PATHS = "$(inherited)";
				MACOSX_DEPLOYMENT_TARGET = 10.8;
				OTHER_LDFLAGS = (
					"-sectcreate",
					__TEXT,
					__info_plist,
					"helper/helper-Info.plist",
					"-sectcreate",
					__TEXT,
					__launchd_plist,
					"helper/helper-Launchd.plist",
				);
				PRODUCT_NAME = "$(TARGET_NAME)";
				SDKROOT = macosx10.8;
				STRIP_INSTALLED_PRODUCT = NO;
				USER_HEADER_SEARCH_PATHS = "";
			};
			name = Release;
		};
/* End XCBuildConfiguration section */

/* Begin XCConfigurationList section */
		BE8B45DA184510B0005D435B /* Build configuration list for PBXProject "MunkiMenu" */ = {
			isa = XCConfigurationList;
			buildConfigurations = (
				BE8B460E184510B0005D435B /* Debug */,
				BE8B460F184510B0005D435B /* Release */,
			);
			defaultConfigurationIsVisible = 0;
			defaultConfigurationName = Release;
		};
		BE8B4610184510B0005D435B /* Build configuration list for PBXNativeTarget "MunkiMenu" */ = {
			isa = XCConfigurationList;
			buildConfigurations = (
				BE8B4611184510B0005D435B /* Debug */,
				BE8B4612184510B0005D435B /* Release */,
			);
			defaultConfigurationIsVisible = 0;
			defaultConfigurationName = Release;
		};
		BE96705718478587006B3A92 /* Build configuration list for PBXNativeTarget "com.googlecode.MunkiMenu.helper" */ = {
			isa = XCConfigurationList;
			buildConfigurations = (
				BE96705518478587006B3A92 /* Debug */,
				BE96705618478587006B3A92 /* Release */,
			);
			defaultConfigurationIsVisible = 0;
			defaultConfigurationName = Release;
		};
/* End XCConfigurationList section */
	};
	rootObject = BE8B45D7184510B0005D435B /* Project object */;
}
